
Microsoft Visual Studio Solution File, Format Version 12.00
# Visual Studio Version 17
VisualStudioVersion = 17.7.34024.191
MinimumVisualStudioVersion = 10.0.40219.1
Project("{FAE04EC0-301F-11D3-BF4B-00C04F79EFBC}") = "HW7_C_Sharp", "HW7_C_Sharp\HW7_C_Sharp.csproj", "{5AA49DDA-9E0C-46D2-8BF3-AD331C473929}"
EndProject
Global
	GlobalSection(SolutionConfigurationPlatforms) = preSolution
		Debug|Any CPU = Debug|Any CPU
		Release|Any CPU = Release|Any CPU
	EndGlobalSection
	GlobalSection(ProjectConfigurationPlatforms) = postSolution
		{5AA49DDA-9E0C-46D2-8BF3-AD331C473929}.Debug|Any CPU.ActiveCfg = Debug|Any CPU
		{5AA49DDA-9E0C-46D2-8BF3-AD331C473929}.Debug|Any CPU.Build.0 = Debug|Any CPU
		{5AA49DDA-9E0C-46D2-8BF3-AD331C473929}.Release|Any CPU.ActiveCfg = Release|Any CPU
		{5AA49DDA-9E0C-46D2-8BF3-AD331C473929}.Release|Any CPU.Build.0 = Release|Any CPU
	EndGlobalSection
	GlobalSection(SolutionProperties) = preSolution
		HideSolutionNode = FALSE
	EndGlobalSection
	GlobalSection(ExtensibilityGlobals) = postSolution
		SolutionGuid = {A31BD556-82A8-4A58-B13C-0C098DE694D4}
	EndGlobalSection
EndGlobal
